<?xml version="1.0" encoding="utf-8"?>
<Project ToolsVersion="4.0" xmlns="http://schemas.microsoft.com/developer/msbuild/2003">
  <ItemGroup>
    <Filter Include="win32">
      <UniqueIdentifier>{84a8ebd7-7cf0-47f6-b75e-d441df67da40}</UniqueIdentifier>
    </Filter>
    <Filter Include="resource">
      <UniqueIdentifier>{715254bc-d70b-4ec5-bf29-467dd3ace079}</UniqueIdentifier>
    </Filter>
    <Filter Include="src">
      <UniqueIdentifier>{bb6c862e-70e9-49d9-81b7-3829a6f50471}</UniqueIdentifier>
    </Filter>
    <Filter Include="AutoClasses">
      <UniqueIdentifier>{35612534-4e0c-425f-af36-8f1b9ff4d115}</UniqueIdentifier>
    </Filter>
    <Filter Include="src\Extention">
      <UniqueIdentifier>{a9526b18-8a85-426e-ae74-7c633c4b3473}</UniqueIdentifier>
    </Filter>
  </ItemGroup>
  <ItemGroup>
    <ClCompile Include="main.cpp">
      <Filter>win32</Filter>
    </ClCompile>
    <ClCompile Include="..\Classes\AppDelegate.cpp">
      <Filter>src</Filter>
    </ClCompile>
    <ClCompile Include="..\Classes\HelloWorldScene.cpp">
      <Filter>src</Filter>
    </ClCompile>
    <ClCompile Include="..\AutoClasses\BettleReadyUI.cpp">
      <Filter>AutoClasses</Filter>
    </ClCompile>
    <ClCompile Include="..\AutoClasses\BettleStartUI.cpp">
      <Filter>AutoClasses</Filter>
    </ClCompile>
    <ClCompile Include="..\AutoClasses\FriendList.cpp">
      <Filter>AutoClasses</Filter>
    </ClCompile>
    <ClCompile Include="..\AutoClasses\GameResualtUI.cpp">
      <Filter>AutoClasses</Filter>
    </ClCompile>
    <ClCompile Include="..\AutoClasses\InGameHUD.cpp">
      <Filter>AutoClasses</Filter>
    </ClCompile>
    <ClCompile Include="..\AutoClasses\InGameOptionUI.cpp">
      <Filter>AutoClasses</Filter>
    </ClCompile>
    <ClCompile Include="..\AutoClasses\InGameScene.cpp">
      <Filter>AutoClasses</Filter>
    </ClCompile>
    <ClCompile Include="..\AutoClasses\InventoryUI.cpp">
      <Filter>AutoClasses</Filter>
    </ClCompile>
    <ClCompile Include="..\AutoClasses\LoadingScene.cpp">
      <Filter>AutoClasses</Filter>
    </ClCompile>
    <ClCompile Include="..\AutoClasses\MainScene.cpp">
      <Filter>AutoClasses</Filter>
    </ClCompile>
    <ClCompile Include="..\AutoClasses\MainUI.cpp">
      <Filter>AutoClasses</Filter>
    </ClCompile>
    <ClCompile Include="..\AutoClasses\MessageBoxUI.cpp">
      <Filter>AutoClasses</Filter>
    </ClCompile>
    <ClCompile Include="..\AutoClasses\OptionUI.cpp">
      <Filter>AutoClasses</Filter>
    </ClCompile>
    <ClCompile Include="..\AutoClasses\StoreUI.cpp">
      <Filter>AutoClasses</Filter>
    </ClCompile>
    <ClCompile Include="..\AutoClasses\StoryScene.cpp">
      <Filter>AutoClasses</Filter>
    </ClCompile>
    <ClCompile Include="..\Classes\MainSceneEx.cpp">
      <Filter>src\Extention</Filter>
    </ClCompile>
    <ClCompile Include="..\Classes\GameSceneEditor.cpp">
      <Filter>src</Filter>
    </ClCompile>
    <ClCompile Include="..\Classes\InGameSceneEx.cpp">
      <Filter>src\Extention</Filter>
    </ClCompile>
    <ClCompile Include="..\Classes\InGameHUDEx.cpp">
      <Filter>src\Extention</Filter>
    </ClCompile>
    <ClCompile Include="..\AutoClasses\BettlePageUI.cpp">
      <Filter>AutoClasses</Filter>
    </ClCompile>
    <ClCompile Include="..\AutoClasses\FriendListUI.cpp">
      <Filter>AutoClasses</Filter>
    </ClCompile>
  </ItemGroup>
  <ItemGroup>
    <ClInclude Include="main.h">
      <Filter>win32</Filter>
    </ClInclude>
    <ClInclude Include="..\Classes\AppDelegate.h">
      <Filter>src</Filter>
    </ClInclude>
    <ClInclude Include="..\Classes\HelloWorldScene.h">
      <Filter>src</Filter>
    </ClInclude>
    <ClInclude Include="..\AutoClasses\BettleReadyUI.h">
      <Filter>AutoClasses</Filter>
    </ClInclude>
    <ClInclude Include="..\AutoClasses\BettleStartUI.h">
      <Filter>AutoClasses</Filter>
    </ClInclude>
    <ClInclude Include="..\AutoClasses\FriendList.h">
      <Filter>AutoClasses</Filter>
    </ClInclude>
    <ClInclude Include="..\AutoClasses\GameResualtUI.h">
      <Filter>AutoClasses</Filter>
    </ClInclude>
    <ClInclude Include="..\AutoClasses\InGameHUD.h">
      <Filter>AutoClasses</Filter>
    </ClInclude>
    <ClInclude Include="..\AutoClasses\InGameOptionUI.h">
      <Filter>AutoClasses</Filter>
    </ClInclude>
    <ClInclude Include="..\AutoClasses\InGameScene.h">
      <Filter>AutoClasses</Filter>
    </ClInclude>
    <ClInclude Include="..\AutoClasses\InventoryUI.h">
      <Filter>AutoClasses</Filter>
    </ClInclude>
    <ClInclude Include="..\AutoClasses\LoadingScene.h">
      <Filter>AutoClasses</Filter>
    </ClInclude>
    <ClInclude Include="..\AutoClasses\MainScene.h">
      <Filter>AutoClasses</Filter>
    </ClInclude>
    <ClInclude Include="..\AutoClasses\MainUI.h">
      <Filter>AutoClasses</Filter>
    </ClInclude>
    <ClInclude Include="..\AutoClasses\MessageBoxUI.h">
      <Filter>AutoClasses</Filter>
    </ClInclude>
    <ClInclude Include="..\AutoClasses\OptionUI.h">
      <Filter>AutoClasses</Filter>
    </ClInclude>
    <ClInclude Include="..\AutoClasses\StoreUI.h">
      <Filter>AutoClasses</Filter>
    </ClInclude>
    <ClInclude Include="..\AutoClasses\StoryScene.h">
      <Filter>AutoClasses</Filter>
    </ClInclude>
    <ClInclude Include="..\Classes\MainSceneEx.h">
      <Filter>src\Extention</Filter>
    </ClInclude>
    <ClInclude Include="..\Classes\GameSceneEditor.h">
      <Filter>src</Filter>
    </ClInclude>
    <ClInclude Include="..\Classes\InGameSceneEx.h">
      <Filter>src\Extention</Filter>
    </ClInclude>
    <ClInclude Include="..\Classes\InGameHUDEx.h">
      <Filter>src\Extention</Filter>
    </ClInclude>
    <ClInclude Include="..\AutoClasses\BettlePageUI.h">
      <Filter>AutoClasses</Filter>
    </ClInclude>
    <ClInclude Include="..\AutoClasses\FriendListUI.h">
      <Filter>AutoClasses</Filter>
    </ClInclude>
  </ItemGroup>
  <ItemGroup>
    <ResourceCompile Include="game.rc">
      <Filter>resource</Filter>
    </ResourceCompile>
  </ItemGroup>
</Project>